PODS:
  - GNestedScrollView (0.1.0)
  - Masonry (1.1.0)

DEPENDENCIES:
  - GNestedScrollView (from `../`)
  - Masonry

SPEC REPOS:
  trunk:
    - Masonry

EXTERNAL SOURCES:
  GNestedScrollView:
    :path: "../"

SPEC CHECKSUMS:
  GNestedScrollView: cbcff6cc4c4f9948bc8f75cf092c51ee8e259e02
  Masonry: 678fab65091a9290e40e2832a55e7ab731aad201

PODFILE CHECKSUM: 75ce8293df56ffc2dfed668397edfc6fa0ff8f9a

COCOAPODS: 1.16.2
